
Microsoft Visual Studio Solution File, Format Version 12.00
# Visual Studio Version 16
VisualStudioVersion = 16.0.29209.62
MinimumVisualStudioVersion = 10.0.40219.1
Project("{FAE04EC0-301F-11D3-BF4B-00C04F79EFBC}") = "TotalSynergy", "TotalSynergy\TotalSynergy.csproj", "{00D29E80-12CD-457B-9252-A3B94ECAAC4B}"
EndProject
Project("{FAE04EC0-301F-11D3-BF4B-00C04F79EFBC}") = "TotalSynergy.Tests", "TotalSynergy.Tests\TotalSynergy.Tests.csproj", "{1760EB4B-A397-40A9-B532-99218F7A189C}"
EndProject
Global
	GlobalSection(SolutionConfigurationPlatforms) = preSolution
		Debug|Any CPU = Debug|Any CPU
		Release|Any CPU = Release|Any CPU
	EndGlobalSection
	GlobalSection(ProjectConfigurationPlatforms) = postSolution
		{00D29E80-12CD-457B-9252-A3B94ECAAC4B}.Debug|Any CPU.ActiveCfg = Debug|Any CPU
		{00D29E80-12CD-457B-9252-A3B94ECAAC4B}.Debug|Any CPU.Build.0 = Debug|Any CPU
		{00D29E80-12CD-457B-9252-A3B94ECAAC4B}.Release|Any CPU.ActiveCfg = Release|Any CPU
		{00D29E80-12CD-457B-9252-A3B94ECAAC4B}.Release|Any CPU.Build.0 = Release|Any CPU
		{1760EB4B-A397-40A9-B532-99218F7A189C}.Debug|Any CPU.ActiveCfg = Debug|Any CPU
		{1760EB4B-A397-40A9-B532-99218F7A189C}.Debug|Any CPU.Build.0 = Debug|Any CPU
		{1760EB4B-A397-40A9-B532-99218F7A189C}.Release|Any CPU.ActiveCfg = Release|Any CPU
		{1760EB4B-A397-40A9-B532-99218F7A189C}.Release|Any CPU.Build.0 = Release|Any CPU
	EndGlobalSection
	GlobalSection(SolutionProperties) = preSolution
		HideSolutionNode = FALSE
	EndGlobalSection
	GlobalSection(ExtensibilityGlobals) = postSolution
		SolutionGuid = {552B80E7-C1CE-451C-B3B1-D2C558A299D5}
	EndGlobalSection
EndGlobal
